{
  "lib/account-abstraction": {
    "tag": {
      "name": "v0.8.0",
      "rev": "4cbc06072cdc19fd60f285c5997f4f7f57a588de"
    }
  },
  "lib/forge-std": {
    "tag": {
      "name": "v1.16.2",
      "rev": "6e8c4a92c9a8b31c1b0f0c39296d1fa4695c7df8"
    }
  },
  "lib/openzeppelin-contracts": {
    "tag": {
      "name": "v5.6.1",
      "rev": "5fd1781b1454fd1ef8e722282f86f9293cacf256"
    }
  },
  "lib/poseidon2-solidity": {
    "tag": {
      "name": "v0.1.0",
      "rev": "00acb649ef8fb7bf58a6ce33af6815024299b7be"
    }
  }
}